
Microsoft Visual Studio Solution File, Format Version 12.00
# Visual Studio Version 16
VisualStudioVersion = 16.0.29905.134
MinimumVisualStudioVersion = 10.0.40219.1
Project("{FAE04EC0-301F-11D3-BF4B-00C04F79EFBC}") = "HRISCapsu", "HRISCapsu\HRISCapsu.csproj", "{F220F5FE-7F16-4D1B-A1F8-21DD2E4C1BAF}"
EndProject
Project("{FAE04EC0-301F-11D3-BF4B-00C04F79EFBC}") = "HRISCapsu.Test", "HRISCapsu.Test\HRISCapsu.Test.csproj", "{7021B89A-07D1-41F6-A3D8-9CC74CF68EBA}"
EndProject
Global
	GlobalSection(SolutionConfigurationPlatforms) = preSolution
		Debug|Any CPU = Debug|Any CPU
		Release|Any CPU = Release|Any CPU
	EndGlobalSection
	GlobalSection(ProjectConfigurationPlatforms) = postSolution
		{F220F5FE-7F16-4D1B-A1F8-21DD2E4C1BAF}.Debug|Any CPU.ActiveCfg = Debug|Any CPU
		{F220F5FE-7F16-4D1B-A1F8-21DD2E4C1BAF}.Debug|Any CPU.Build.0 = Debug|Any CPU
		{F220F5FE-7F16-4D1B-A1F8-21DD2E4C1BAF}.Release|Any CPU.ActiveCfg = Release|Any CPU
		{F220F5FE-7F16-4D1B-A1F8-21DD2E4C1BAF}.Release|Any CPU.Build.0 = Release|Any CPU
		{7021B89A-07D1-41F6-A3D8-9CC74CF68EBA}.Debug|Any CPU.ActiveCfg = Debug|Any CPU
		{7021B89A-07D1-41F6-A3D8-9CC74CF68EBA}.Debug|Any CPU.Build.0 = Debug|Any CPU
		{7021B89A-07D1-41F6-A3D8-9CC74CF68EBA}.Release|Any CPU.ActiveCfg = Release|Any CPU
		{7021B89A-07D1-41F6-A3D8-9CC74CF68EBA}.Release|Any CPU.Build.0 = Release|Any CPU
	EndGlobalSection
	GlobalSection(SolutionProperties) = preSolution
		HideSolutionNode = FALSE
	EndGlobalSection
	GlobalSection(ExtensibilityGlobals) = postSolution
		SolutionGuid = {2235E74B-1A7C-4AA1-8C4D-9E4EFF8D0899}
	EndGlobalSection
EndGlobal
